
Microsoft Visual Studio Solution File, Format Version 12.00
# Visual Studio 15
VisualStudioVersion = 15.0.27130.2027
MinimumVisualStudioVersion = 10.0.40219.1
Project("{FAE04EC0-301F-11D3-BF4B-00C04F79EFBC}") = "FManager", "FManager\FManager.csproj", "{A5CBE650-ADEC-4A57-BB13-DB300E769E74}"
EndProject
Project("{FAE04EC0-301F-11D3-BF4B-00C04F79EFBC}") = "Starter", "Starter\Starter.csproj", "{8B7122AA-49CD-4854-A831-BE925EFAF881}"
EndProject
Project("{FAE04EC0-301F-11D3-BF4B-00C04F79EFBC}") = "Chart", "Chart\Chart.csproj", "{28A9CB7C-8679-4CBE-A61B-2DF7A4049C8E}"
EndProject
Project("{FAE04EC0-301F-11D3-BF4B-00C04F79EFBC}") = "Libs", "Libs\Libs.csproj", "{BD0A866B-EDBA-47AC-B543-E1B0883E244A}"
EndProject
Project("{FAE04EC0-301F-11D3-BF4B-00C04F79EFBC}") = "Managment", "Managment\Managment.csproj", "{0FA333F6-E02C-49B2-B2E4-F695DBB099F2}"
EndProject
Global
	GlobalSection(SolutionConfigurationPlatforms) = preSolution
		Debug|Any CPU = Debug|Any CPU
		Release|Any CPU = Release|Any CPU
	EndGlobalSection
	GlobalSection(ProjectConfigurationPlatforms) = postSolution
		{A5CBE650-ADEC-4A57-BB13-DB300E769E74}.Debug|Any CPU.ActiveCfg = Debug|Any CPU
		{A5CBE650-ADEC-4A57-BB13-DB300E769E74}.Debug|Any CPU.Build.0 = Debug|Any CPU
		{A5CBE650-ADEC-4A57-BB13-DB300E769E74}.Release|Any CPU.ActiveCfg = Release|Any CPU
		{A5CBE650-ADEC-4A57-BB13-DB300E769E74}.Release|Any CPU.Build.0 = Release|Any CPU
		{8B7122AA-49CD-4854-A831-BE925EFAF881}.Debug|Any CPU.ActiveCfg = Debug|Any CPU
		{8B7122AA-49CD-4854-A831-BE925EFAF881}.Debug|Any CPU.Build.0 = Debug|Any CPU
		{8B7122AA-49CD-4854-A831-BE925EFAF881}.Release|Any CPU.ActiveCfg = Release|Any CPU
		{8B7122AA-49CD-4854-A831-BE925EFAF881}.Release|Any CPU.Build.0 = Release|Any CPU
		{28A9CB7C-8679-4CBE-A61B-2DF7A4049C8E}.Debug|Any CPU.ActiveCfg = Debug|Any CPU
		{28A9CB7C-8679-4CBE-A61B-2DF7A4049C8E}.Debug|Any CPU.Build.0 = Debug|Any CPU
		{28A9CB7C-8679-4CBE-A61B-2DF7A4049C8E}.Release|Any CPU.ActiveCfg = Release|Any CPU
		{28A9CB7C-8679-4CBE-A61B-2DF7A4049C8E}.Release|Any CPU.Build.0 = Release|Any CPU
		{BD0A866B-EDBA-47AC-B543-E1B0883E244A}.Debug|Any CPU.ActiveCfg = Debug|Any CPU
		{BD0A866B-EDBA-47AC-B543-E1B0883E244A}.Debug|Any CPU.Build.0 = Debug|Any CPU
		{BD0A866B-EDBA-47AC-B543-E1B0883E244A}.Release|Any CPU.ActiveCfg = Release|Any CPU
		{BD0A866B-EDBA-47AC-B543-E1B0883E244A}.Release|Any CPU.Build.0 = Release|Any CPU
		{0FA333F6-E02C-49B2-B2E4-F695DBB099F2}.Debug|Any CPU.ActiveCfg = Debug|Any CPU
		{0FA333F6-E02C-49B2-B2E4-F695DBB099F2}.Debug|Any CPU.Build.0 = Debug|Any CPU
		{0FA333F6-E02C-49B2-B2E4-F695DBB099F2}.Release|Any CPU.ActiveCfg = Release|Any CPU
		{0FA333F6-E02C-49B2-B2E4-F695DBB099F2}.Release|Any CPU.Build.0 = Release|Any CPU
	EndGlobalSection
	GlobalSection(SolutionProperties) = preSolution
		HideSolutionNode = FALSE
	EndGlobalSection
	GlobalSection(ExtensibilityGlobals) = postSolution
		SolutionGuid = {4B5B355B-9423-4B9F-B742-4FD4F979069F}
	EndGlobalSection
EndGlobal
